<?xml version="1.0" encoding="utf-8"?>
<Project ToolsVersion="4.0" xmlns="http://schemas.microsoft.com/developer/msbuild/2003">
  <ItemGroup>
    <Filter Include="Source Files">
      <UniqueIdentifier>{4FC737F1-C7A5-4376-A066-2A32D752A2FF}</UniqueIdentifier>
      <Extensions>cpp;c;cc;cxx;def;odl;idl;hpj;bat;asm;asmx</Extensions>
    </Filter>
    <Filter Include="Header Files">
      <UniqueIdentifier>{93995380-89BD-4b04-88EB-625FBE52EBFB}</UniqueIdentifier>
      <Extensions>h;hh;hpp;hxx;hm;inl;inc;ipp;xsd</Extensions>
    </Filter>
    <Filter Include="Resource Files">
      <UniqueIdentifier>{67DA6AB6-F800-4c08-8B7A-83BB121AAD01}</UniqueIdentifier>
      <Extensions>rc;ico;cur;bmp;dlg;rc2;rct;bin;rgs;gif;jpg;jpeg;jpe;resx;tiff;tif;png;wav;mfcribbon-ms</Extensions>
    </Filter>
  </ItemGroup>
  <ItemGroup>
    <ClCompile Include="FlecsRaylib.cpp">
      <Filter>Source Files</Filter>
    </ClCompile>
    <ClCompile Include="..\SubModules\flecs\flecs.c">
      <Filter>Source Files</Filter>
    </ClCompile>
    <ClCompile Include="Core\CoreRendering.cpp">
      <Filter>Source Files</Filter>
    </ClCompile>
    <ClCompile Include="Core\FeatureLifecycle.cpp">
      <Filter>Source Files</Filter>
    </ClCompile>
    <ClCompile Include="Core\InputBridge.cpp">
      <Filter>Source Files</Filter>
    </ClCompile>
    <ClCompile Include="Core\Reflection.cpp">
      <Filter>Source Files</Filter>
    </ClCompile>
    <ClCompile Include="Features\WorldTimeHandler.cpp">
      <Filter>Source Files</Filter>
    </ClCompile>
    <ClCompile Include="Features\Rendering.cpp">
      <Filter>Source Files</Filter>
    </ClCompile>
    <ClCompile Include="Features\UserInput.cpp">
      <Filter>Source Files</Filter>
    </ClCompile>
    <ClCompile Include="Modules\InputBindings.cpp">
      <Filter>Source Files</Filter>
    </ClCompile>
    <ClCompile Include="Modules\RaylibBridge.cpp">
      <Filter>Source Files</Filter>
    </ClCompile>
  </ItemGroup>
  <ItemGroup>
    <ClInclude Include="..\SubModules\flecs\flecs.h">
      <Filter>Header Files</Filter>
    </ClInclude>
    <ClInclude Include="..\SubModules\pfr-develop\include\boost\pfr.hpp">
      <Filter>Header Files</Filter>
    </ClInclude>
    <ClInclude Include="..\SubModules\pfr-develop\include\boost\pfr\config.hpp">
      <Filter>Header Files</Filter>
    </ClInclude>
    <ClInclude Include="..\SubModules\pfr-develop\include\boost\pfr\core.hpp">
      <Filter>Header Files</Filter>
    </ClInclude>
    <ClInclude Include="..\SubModules\pfr-develop\include\boost\pfr\core_name.hpp">
      <Filter>Header Files</Filter>
    </ClInclude>
    <ClInclude Include="..\SubModules\pfr-develop\include\boost\pfr\detail\cast_to_layout_compatible.hpp">
      <Filter>Header Files</Filter>
    </ClInclude>
    <ClInclude Include="..\SubModules\pfr-develop\include\boost\pfr\detail\config.hpp">
      <Filter>Header Files</Filter>
    </ClInclude>
    <ClInclude Include="..\SubModules\pfr-develop\include\boost\pfr\detail\core.hpp">
      <Filter>Header Files</Filter>
    </ClInclude>
    <ClInclude Include="..\SubModules\pfr-develop\include\boost\pfr\detail\core14_classic.hpp">
      <Filter>Header Files</Filter>
    </ClInclude>
    <ClInclude Include="..\SubModules\pfr-develop\include\boost\pfr\detail\core14_loophole.hpp">
      <Filter>Header Files</Filter>
    </ClInclude>
    <ClInclude Include="..\SubModules\pfr-develop\include\boost\pfr\detail\core17.hpp">
      <Filter>Header Files</Filter>
    </ClInclude>
    <ClInclude Include="..\SubModules\pfr-develop\include\boost\pfr\detail\core17_generated.hpp">
      <Filter>Header Files</Filter>
    </ClInclude>
    <ClInclude Include="..\SubModules\pfr-develop\include\boost\pfr\detail\core_name.hpp">
      <Filter>Header Files</Filter>
    </ClInclude>
    <ClInclude Include="..\SubModules\pfr-develop\include\boost\pfr\detail\core_name14_disabled.hpp">
      <Filter>Header Files</Filter>
    </ClInclude>
    <ClInclude Include="..\SubModules\pfr-develop\include\boost\pfr\detail\core_name20_static.hpp">
      <Filter>Header Files</Filter>
    </ClInclude>
    <ClInclude Include="..\SubModules\pfr-develop\include\boost\pfr\detail\detectors.hpp">
      <Filter>Header Files</Filter>
    </ClInclude>
    <ClInclude Include="..\SubModules\pfr-develop\include\boost\pfr\detail\fake_object.hpp">
      <Filter>Header Files</Filter>
    </ClInclude>
    <ClInclude Include="..\SubModules\pfr-develop\include\boost\pfr\detail\fields_count.hpp">
      <Filter>Header Files</Filter>
    </ClInclude>
    <ClInclude Include="..\SubModules\pfr-develop\include\boost\pfr\detail\for_each_field_impl.hpp">
      <Filter>Header Files</Filter>
    </ClInclude>
    <ClInclude Include="..\SubModules\pfr-develop\include\boost\pfr\detail\functional.hpp">
      <Filter>Header Files</Filter>
    </ClInclude>
    <ClInclude Include="..\SubModules\pfr-develop\include\boost\pfr\detail\io.hpp">
      <Filter>Header Files</Filter>
    </ClInclude>
    <ClInclude Include="..\SubModules\pfr-develop\include\boost\pfr\detail\make_flat_tuple_of_references.hpp">
      <Filter>Header Files</Filter>
    </ClInclude>
    <ClInclude Include="..\SubModules\pfr-develop\include\boost\pfr\detail\make_integer_sequence.hpp">
      <Filter>Header Files</Filter>
    </ClInclude>
    <ClInclude Include="..\SubModules\pfr-develop\include\boost\pfr\detail\offset_based_getter.hpp">
      <Filter>Header Files</Filter>
    </ClInclude>
    <ClInclude Include="..\SubModules\pfr-develop\include\boost\pfr\detail\possible_reflectable.hpp">
      <Filter>Header Files</Filter>
    </ClInclude>
    <ClInclude Include="..\SubModules\pfr-develop\include\boost\pfr\detail\rvalue_t.hpp">
      <Filter>Header Files</Filter>
    </ClInclude>
    <ClInclude Include="..\SubModules\pfr-develop\include\boost\pfr\detail\sequence_tuple.hpp">
      <Filter>Header Files</Filter>
    </ClInclude>
    <ClInclude Include="..\SubModules\pfr-develop\include\boost\pfr\detail\size_array.hpp">
      <Filter>Header Files</Filter>
    </ClInclude>
    <ClInclude Include="..\SubModules\pfr-develop\include\boost\pfr\detail\size_t_.hpp">
      <Filter>Header Files</Filter>
    </ClInclude>
    <ClInclude Include="..\SubModules\pfr-develop\include\boost\pfr\detail\stdarray.hpp">
      <Filter>Header Files</Filter>
    </ClInclude>
    <ClInclude Include="..\SubModules\pfr-develop\include\boost\pfr\detail\stdtuple.hpp">
      <Filter>Header Files</Filter>
    </ClInclude>
    <ClInclude Include="..\SubModules\pfr-develop\include\boost\pfr\detail\tie_from_structure_tuple.hpp">
      <Filter>Header Files</Filter>
    </ClInclude>
    <ClInclude Include="..\SubModules\pfr-develop\include\boost\pfr\detail\unsafe_declval.hpp">
      <Filter>Header Files</Filter>
    </ClInclude>
    <ClInclude Include="..\SubModules\pfr-develop\include\boost\pfr\functions_for.hpp">
      <Filter>Header Files</Filter>
    </ClInclude>
    <ClInclude Include="..\SubModules\pfr-develop\include\boost\pfr\functors.hpp">
      <Filter>Header Files</Filter>
    </ClInclude>
    <ClInclude Include="..\SubModules\pfr-develop\include\boost\pfr\io.hpp">
      <Filter>Header Files</Filter>
    </ClInclude>
    <ClInclude Include="..\SubModules\pfr-develop\include\boost\pfr\io_fields.hpp">
      <Filter>Header Files</Filter>
    </ClInclude>
    <ClInclude Include="..\SubModules\pfr-develop\include\boost\pfr\ops.hpp">
      <Filter>Header Files</Filter>
    </ClInclude>
    <ClInclude Include="..\SubModules\pfr-develop\include\boost\pfr\ops_fields.hpp">
      <Filter>Header Files</Filter>
    </ClInclude>
    <ClInclude Include="..\SubModules\pfr-develop\include\boost\pfr\traits.hpp">
      <Filter>Header Files</Filter>
    </ClInclude>
    <ClInclude Include="..\SubModules\pfr-develop\include\boost\pfr\traits_fwd.hpp">
      <Filter>Header Files</Filter>
    </ClInclude>
    <ClInclude Include="..\SubModules\pfr-develop\include\boost\pfr\tuple_size.hpp">
      <Filter>Header Files</Filter>
    </ClInclude>
    <ClInclude Include="..\SubModules\raylib-cpp\include\AudioDevice.hpp">
      <Filter>Header Files</Filter>
    </ClInclude>
    <ClInclude Include="..\SubModules\raylib-cpp\include\AudioStream.hpp">
      <Filter>Header Files</Filter>
    </ClInclude>
    <ClInclude Include="..\SubModules\raylib-cpp\include\BoundingBox.hpp">
      <Filter>Header Files</Filter>
    </ClInclude>
    <ClInclude Include="..\SubModules\raylib-cpp\include\Camera2D.hpp">
      <Filter>Header Files</Filter>
    </ClInclude>
    <ClInclude Include="..\SubModules\raylib-cpp\include\Camera3D.hpp">
      <Filter>Header Files</Filter>
    </ClInclude>
    <ClInclude Include="..\SubModules\raylib-cpp\include\Color.hpp">
      <Filter>Header Files</Filter>
    </ClInclude>
    <ClInclude Include="..\SubModules\raylib-cpp\include\Font.hpp">
      <Filter>Header Files</Filter>
    </ClInclude>
    <ClInclude Include="..\SubModules\raylib-cpp\include\Functions.hpp">
      <Filter>Header Files</Filter>
    </ClInclude>
    <ClInclude Include="..\SubModules\raylib-cpp\include\Gamepad.hpp">
      <Filter>Header Files</Filter>
    </ClInclude>
    <ClInclude Include="..\SubModules\raylib-cpp\include\Image.hpp">
      <Filter>Header Files</Filter>
    </ClInclude>
    <ClInclude Include="..\SubModules\raylib-cpp\include\Material.hpp">
      <Filter>Header Files</Filter>
    </ClInclude>
    <ClInclude Include="..\SubModules\raylib-cpp\include\Matrix.hpp">
      <Filter>Header Files</Filter>
    </ClInclude>
    <ClInclude Include="..\SubModules\raylib-cpp\include\Mesh.hpp">
      <Filter>Header Files</Filter>
    </ClInclude>
    <ClInclude Include="..\SubModules\raylib-cpp\include\Model.hpp">
      <Filter>Header Files</Filter>
    </ClInclude>
    <ClInclude Include="..\SubModules\raylib-cpp\include\ModelAnimation.hpp">
      <Filter>Header Files</Filter>
    </ClInclude>
    <ClInclude Include="..\SubModules\raylib-cpp\include\Mouse.hpp">
      <Filter>Header Files</Filter>
    </ClInclude>
    <ClInclude Include="..\SubModules\raylib-cpp\include\Music.hpp">
      <Filter>Header Files</Filter>
    </ClInclude>
    <ClInclude Include="..\SubModules\raylib-cpp\include\Ray.hpp">
      <Filter>Header Files</Filter>
    </ClInclude>
    <ClInclude Include="..\SubModules\raylib-cpp\include\raylib-cpp-utils.hpp">
      <Filter>Header Files</Filter>
    </ClInclude>
    <ClInclude Include="..\SubModules\raylib-cpp\include\raylib-cpp.hpp">
      <Filter>Header Files</Filter>
    </ClInclude>
    <ClInclude Include="..\SubModules\raylib-cpp\include\raylib.hpp">
      <Filter>Header Files</Filter>
    </ClInclude>
    <ClInclude Include="..\SubModules\raylib-cpp\include\raymath.hpp">
      <Filter>Header Files</Filter>
    </ClInclude>
    <ClInclude Include="..\SubModules\raylib-cpp\include\Rectangle.hpp">
      <Filter>Header Files</Filter>
    </ClInclude>
    <ClInclude Include="..\SubModules\raylib-cpp\include\RenderTexture.hpp">
      <Filter>Header Files</Filter>
    </ClInclude>
    <ClInclude Include="..\SubModules\raylib-cpp\include\Shader.hpp">
      <Filter>Header Files</Filter>
    </ClInclude>
    <ClInclude Include="..\SubModules\raylib-cpp\include\Sound.hpp">
      <Filter>Header Files</Filter>
    </ClInclude>
    <ClInclude Include="..\SubModules\raylib-cpp\include\Text.hpp">
      <Filter>Header Files</Filter>
    </ClInclude>
    <ClInclude Include="..\SubModules\raylib-cpp\include\Texture.hpp">
      <Filter>Header Files</Filter>
    </ClInclude>
    <ClInclude Include="..\SubModules\raylib-cpp\include\Vector2.hpp">
      <Filter>Header Files</Filter>
    </ClInclude>
    <ClInclude Include="..\SubModules\raylib-cpp\include\Vector3.hpp">
      <Filter>Header Files</Filter>
    </ClInclude>
    <ClInclude Include="..\SubModules\raylib-cpp\include\Vector4.hpp">
      <Filter>Header Files</Filter>
    </ClInclude>
    <ClInclude Include="..\SubModules\raylib-cpp\include\VrStereoConfig.hpp">
      <Filter>Header Files</Filter>
    </ClInclude>
    <ClInclude Include="..\SubModules\raylib-cpp\include\Wave.hpp">
      <Filter>Header Files</Filter>
    </ClInclude>
    <ClInclude Include="..\SubModules\raylib-cpp\include\Window.hpp">
      <Filter>Header Files</Filter>
    </ClInclude>
    <ClInclude Include="Core\CoreRendering.h">
      <Filter>Header Files</Filter>
    </ClInclude>
    <ClInclude Include="Core\CoreTypes.h">
      <Filter>Header Files</Filter>
    </ClInclude>
    <ClInclude Include="Core\FeatureLifecycle.h">
      <Filter>Header Files</Filter>
    </ClInclude>
    <ClInclude Include="Core\InputBridge.h">
      <Filter>Header Files</Filter>
    </ClInclude>
    <ClInclude Include="Core\Reflection.h">
      <Filter>Header Files</Filter>
    </ClInclude>
    <ClInclude Include="Data\GameTypes.h">
      <Filter>Header Files</Filter>
    </ClInclude>
    <ClInclude Include="Data\Inputs.h">
      <Filter>Header Files</Filter>
    </ClInclude>
    <ClInclude Include="Data\Visuals.h">
      <Filter>Header Files</Filter>
    </ClInclude>
    <ClInclude Include="Features\Rendering.h">
      <Filter>Header Files</Filter>
    </ClInclude>
    <ClInclude Include="Features\UserInput.h">
      <Filter>Header Files</Filter>
    </ClInclude>
    <ClInclude Include="Features\WorldTimeHandler.h">
      <Filter>Header Files</Filter>
    </ClInclude>
    <ClInclude Include="Modules\InputBindings.h">
      <Filter>Header Files</Filter>
    </ClInclude>
    <ClInclude Include="Modules\RaylibBridge.h">
      <Filter>Header Files</Filter>
    </ClInclude>
  </ItemGroup>
</Project>